// !$*UTF8*$!
{
	archiveVersion = 1;
	classes = {
	};
	objectVersion = 55;
	objects = {

/* Begin PBXBuildFile section */
		3C2C6E3329DBFEA4001C36A4 /* myTestsApp.swift in Sources */ = {isa = PBXBuildFile; fileRef = 3C2C6E3229DBFEA4001C36A4 /* myTestsApp.swift */; };
		3C2C6E3529DBFEA5001C36A4 /* ContentView.swift in Sources */ = {isa = PBXBuildFile; fileRef = 3C2C6E3429DBFEA5001C36A4 /* ContentView.swift */; };
		3C2C6E3729DBFEA7001C36A4 /* Assets.xcassets in Resources */ = {isa = PBXBuildFile; fileRef = 3C2C6E3629DBFEA7001C36A4 /* Assets.xcassets */; };
		3C2C6E3A29DBFEA7001C36A4 /* Preview Assets.xcassets in Resources */ = {isa = PBXBuildFile; fileRef = 3C2C6E3929DBFEA7001C36A4 /* Preview Assets.xcassets */; };
		3C2C6E4429DBFEA7001C36A4 /* myTestsTests.swift in Sources */ = {isa = PBXBuildFile; fileRef = 3C2C6E4329DBFEA7001C36A4 /* myTestsTests.swift */; };
		3C2C6E4E29DBFEA7001C36A4 /* myTestsUITests.swift in Sources */ = {isa = PBXBuildFile; fileRef = 3C2C6E4D29DBFEA7001C36A4 /* myTestsUITests.swift */; };
		3C2C6E5029DBFEA7001C36A4 /* myTestsUITestsLaunchTests.swift in Sources */ = {isa = PBXBuildFile; fileRef = 3C2C6E4F29DBFEA7001C36A4 /* myTestsUITestsLaunchTests.swift */; };
		3C2C6E6029DBFECD001C36A4 /* SpeechTranscription in Frameworks */ = {isa = PBXBuildFile; productRef = 3C2C6E5F29DBFECD001C36A4 /* SpeechTranscription */; };
/* End PBXBuildFile section */

/* Begin PBXContainerItemProxy section */
		3C2C6E4029DBFEA7001C36A4 /* PBXContainerItemProxy */ = {
			isa = PBXContainerItemProxy;
			containerPortal = 3C2C6E2729DBFEA4001C36A4 /* Project object */;
			proxyType = 1;
			remoteGlobalIDString = 3C2C6E2E29DBFEA4001C36A4;
			remoteInfo = myTests;
		};
		3C2C6E4A29DBFEA7001C36A4 /* PBXContainerItemProxy */ = {
			isa = PBXContainerItemProxy;
			containerPortal = 3C2C6E2729DBFEA4001C36A4 /* Project object */;
			proxyType = 1;
			remoteGlobalIDString = 3C2C6E2E29DBFEA4001C36A4;
			remoteInfo = myTests;
		};
/* End PBXContainerItemProxy section */

/* Begin PBXFileReference section */
		3C2C6E2F29DBFEA4001C36A4 /* myTests.app */ = {isa = PBXFileReference; explicitFileType = wrapper.application; includeInIndex = 0; path = myTests.app; sourceTree = BUILT_PRODUCTS_DIR; };
		3C2C6E3229DBFEA4001C36A4 /* myTestsApp.swift */ = {isa = PBXFileReference; lastKnownFileType = sourcecode.swift; path = myTestsApp.swift; sourceTree = "<group>"; };
		3C2C6E3429DBFEA5001C36A4 /* ContentView.swift */ = {isa = PBXFileReference; lastKnownFileType = sourcecode.swift; path = ContentView.swift; sourceTree = "<group>"; };
		3C2C6E3629DBFEA7001C36A4 /* Assets.xcassets */ = {isa = PBXFileReference; lastKnownFileType = folder.assetcatalog; path = Assets.xcassets; sourceTree = "<group>"; };
		3C2C6E3929DBFEA7001C36A4 /* Preview Assets.xcassets */ = {isa = PBXFileReference; lastKnownFileType = folder.assetcatalog; path = "Preview Assets.xcassets"; sourceTree = "<group>"; };
		3C2C6E3F29DBFEA7001C36A4 /* myTestsTests.xctest */ = {isa = PBXFileReference; explicitFileType = wrapper.cfbundle; includeInIndex = 0; path = myTestsTests.xctest; sourceTree = BUILT_PRODUCTS_DIR; };
		3C2C6E4329DBFEA7001C36A4 /* myTestsTests.swift */ = {isa = PBXFileReference; lastKnownFileType = sourcecode.swift; path = myTestsTests.swift; sourceTree = "<group>"; };
		3C2C6E4929DBFEA7001C36A4 /* myTestsUITests.xctest */ = {isa = PBXFileReference; explicitFileType = wrapper.cfbundle; includeInIndex = 0; path = myTestsUITests.xctest; sourceTree = BUILT_PRODUCTS_DIR; };
		3C2C6E4D29DBFEA7001C36A4 /* myTestsUITests.swift */ = {isa = PBXFileReference; lastKnownFileType = sourcecode.swift; path = myTestsUITests.swift; sourceTree = "<group>"; };
		3C2C6E4F29DBFEA7001C36A4 /* myTestsUITestsLaunchTests.swift */ = {isa = PBXFileReference; lastKnownFileType = sourcecode.swift; path = myTestsUITestsLaunchTests.swift; sourceTree = "<group>"; };
		3C2C6E5D29DBFEB6001C36A4 /* SpeechTranscription */ = {isa = PBXFileReference; lastKnownFileType = wrapper; name = SpeechTranscription; path = ../SpeechTranscription; sourceTree = "<group>"; };
		3CC4558A29DC01A8007E1B49 /* Info.plist */ = {isa = PBXFileReference; lastKnownFileType = text.plist; path = Info.plist; sourceTree = "<group>"; };
/* End PBXFileReference section */

/* Begin PBXFrameworksBuildPhase section */
		3C2C6E2C29DBFEA4001C36A4 /* Frameworks */ = {
			isa = PBXFrameworksBuildPhase;
			buildActionMask = 2147483647;
			files = (
				3C2C6E6029DBFECD001C36A4 /* SpeechTranscription in Frameworks */,
			);
			runOnlyForDeploymentPostprocessing = 0;
		};
		3C2C6E3C29DBFEA7001C36A4 /* Frameworks */ = {
			isa = PBXFrameworksBuildPhase;
			buildActionMask = 2147483647;
			files = (
			);
			runOnlyForDeploymentPostprocessing = 0;
		};
		3C2C6E4629DBFEA7001C36A4 /* Frameworks */ = {
			isa = PBXFrameworksBuildPhase;
			buildActionMask = 2147483647;
			files = (
			);
			runOnlyForDeploymentPostprocessing = 0;
		};
/* End PBXFrameworksBuildPhase section */

/* Begin PBXGroup section */
		3C2C6E2629DBFEA4001C36A4 = {
			isa = PBXGroup;
			children = (
				3C2C6E5C29DBFEB6001C36A4 /* Packages */,
				3C2C6E3129DBFEA4001C36A4 /* myTests */,
				3C2C6E4229DBFEA7001C36A4 /* myTestsTests */,
				3C2C6E4C29DBFEA7001C36A4 /* myTestsUITests */,
				3C2C6E3029DBFEA4001C36A4 /* Products */,
				3C2C6E5E29DBFECD001C36A4 /* Frameworks */,
			);
			sourceTree = "<group>";
		};
		3C2C6E3029DBFEA4001C36A4 /* Products */ = {
			isa = PBXGroup;
			children = (
				3C2C6E2F29DBFEA4001C36A4 /* myTests.app */,
				3C2C6E3F29DBFEA7001C36A4 /* myTestsTests.xctest */,
				3C2C6E4929DBFEA7001C36A4 /* myTestsUITests.xctest */,
			);
			name = Products;
			sourceTree = "<group>";
		};
		3C2C6E3129DBFEA4001C36A4 /* myTests */ = {
			isa = PBXGroup;
			children = (
				3CC4558A29DC01A8007E1B49 /* Info.plist */,
				3C2C6E3229DBFEA4001C36A4 /* myTestsApp.swift */,
				3C2C6E3429DBFEA5001C36A4 /* ContentView.swift */,
				3C2C6E3629DBFEA7001C36A4 /* Assets.xcassets */,
				3C2C6E3829DBFEA7001C36A4 /* Preview Content */,
			);
			path = myTests;
			sourceTree = "<group>";
		};
		3C2C6E3829DBFEA7001C36A4 /* Preview Content */ = {
			isa = PBXGroup;
			children = (
				3C2C6E3929DBFEA7001C36A4 /* Preview Assets.xcassets */,
			);
			path = "Preview Content";
			sourceTree = "<group>";
		};
		3C2C6E4229DBFEA7001C36A4 /* myTestsTests */ = {
			isa = PBXGroup;
			children = (
				3C2C6E4329DBFEA7001C36A4 /* myTestsTests.swift */,
			);
			path = myTestsTests;
			sourceTree = "<group>";
		};
		3C2C6E4C29DBFEA7001C36A4 /* myTestsUITests */ = {
			isa = PBXGroup;
			children = (
				3C2C6E4D29DBFEA7001C36A4 /* myTestsUITests.swift */,
				3C2C6E4F29DBFEA7001C36A4 /* myTestsUITestsLaunchTests.swift */,
			);
			path = myTestsUITests;
			sourceTree = "<group>";
		};
		3C2C6E5C29DBFEB6001C36A4 /* Packages */ = {
			isa = PBXGroup;
			children = (
				3C2C6E5D29DBFEB6001C36A4 /* SpeechTranscription */,
			);
			name = Packages;
			sourceTree = "<group>";
		};
		3C2C6E5E29DBFECD001C36A4 /* Frameworks */ = {
			isa = PBXGroup;
			children = (
			);
			name = Frameworks;
			sourceTree = "<group>";
		};
/* End PBXGroup section */

/* Begin PBXNativeTarget section */
		3C2C6E2E29DBFEA4001C36A4 /* myTests */ = {
			isa = PBXNativeTarget;
			buildConfigurationList = 3C2C6E5329DBFEA7001C36A4 /* Build configuration list for PBXNativeTarget "myTests" */;
			buildPhases = (
				3C2C6E2B29DBFEA4001C36A4 /* Sources */,
				3C2C6E2C29DBFEA4001C36A4 /* Frameworks */,
				3C2C6E2D29DBFEA4001C36A4 /* Resources */,
			);
			buildRules = (
			);
			dependencies = (
			);
			name = myTests;
			packageProductDependencies = (
				3C2C6E5F29DBFECD001C36A4 /* SpeechTranscription */,
			);
			productName = myTests;
			productReference = 3C2C6E2F29DBFEA4001C36A4 /* myTests.app */;
			productType = "com.apple.product-type.application";
		};
		3C2C6E3E29DBFEA7001C36A4 /* myTestsTests */ = {
			isa = PBXNativeTarget;
			buildConfigurationList = 3C2C6E5629DBFEA7001C36A4 /* Build configuration list for PBXNativeTarget "myTestsTests" */;
			buildPhases = (
				3C2C6E3B29DBFEA7001C36A4 /* Sources */,
				3C2C6E3C29DBFEA7001C36A4 /* Frameworks */,
				3C2C6E3D29DBFEA7001C36A4 /* Resources */,
			);
			buildRules = (
			);
			dependencies = (
				3C2C6E4129DBFEA7001C36A4 /* PBXTargetDependency */,
			);
			name = myTestsTests;
			productName = myTestsTests;
			productReference = 3C2C6E3F29DBFEA7001C36A4 /* myTestsTests.xctest */;
			productType = "com.apple.product-type.bundle.unit-test";
		};
		3C2C6E4829DBFEA7001C36A4 /* myTestsUITests */ = {
			isa = PBXNativeTarget;
			buildConfigurationList = 3C2C6E5929DBFEA7001C36A4 /* Build configuration list for PBXNativeTarget "myTestsUITests" */;
			buildPhases = (
				3C2C6E4529DBFEA7001C36A4 /* Sources */,
				3C2C6E4629DBFEA7001C36A4 /* Frameworks */,
				3C2C6E4729DBFEA7001C36A4 /* Resources */,
			);
			buildRules = (
			);
			dependencies = (
				3C2C6E4B29DBFEA7001C36A4 /* PBXTargetDependency */,
			);
			name = myTestsUITests;
			productName = myTestsUITests;
			productReference = 3C2C6E4929DBFEA7001C36A4 /* myTestsUITests.xctest */;
			productType = "com.apple.product-type.bundle.ui-testing";
		};
/* End PBXNativeTarget section */

/* Begin PBXProject section */
		3C2C6E2729DBFEA4001C36A4 /* Project object */ = {
			isa = PBXProject;
			attributes = {
				BuildIndependentTargetsInParallel = 1;
				LastSwiftUpdateCheck = 1420;
				LastUpgradeCheck = 1420;
				TargetAttributes = {
					3C2C6E2E29DBFEA4001C36A4 = {
						CreatedOnToolsVersion = 14.2;
					};
					3C2C6E3E29DBFEA7001C36A4 = {
						CreatedOnToolsVersion = 14.2;
						TestTargetID = 3C2C6E2E29DBFEA4001C36A4;
					};
					3C2C6E4829DBFEA7001C36A4 = {
						CreatedOnToolsVersion = 14.2;
						TestTargetID = 3C2C6E2E29DBFEA4001C36A4;
					};
				};
			};
			buildConfigurationList = 3C2C6E2A29DBFEA4001C36A4 /* Build configuration list for PBXProject "myTests" */;
			compatibilityVersion = "Xcode 13.0";
			developmentRegion = en;
			hasScannedForEncodings = 0;
			knownRegions = (
				en,
				Base,
			);
			mainGroup = 3C2C6E2629DBFEA4001C36A4;
			productRefGroup = 3C2C6E3029DBFEA4001C36A4 /* Products */;
			projectDirPath = "";
			projectRoot = "";
			targets = (
				3C2C6E2E29DBFEA4001C36A4 /* myTests */,
				3C2C6E3E29DBFEA7001C36A4 /* myTestsTests */,
				3C2C6E4829DBFEA7001C36A4 /* myTestsUITests */,
			);
		};
/* End PBXProject section */

/* Begin PBXResourcesBuildPhase section */
		3C2C6E2D29DBFEA4001C36A4 /* Resources */ = {
			isa = PBXResourcesBuildPhase;
			buildActionMask = 2147483647;
			files = (
				3C2C6E3A29DBFEA7001C36A4 /* Preview Assets.xcassets in Resources */,
				3C2C6E3729DBFEA7001C36A4 /* Assets.xcassets in Resources */,
			);
			runOnlyForDeploymentPostprocessing = 0;
		};
		3C2C6E3D29DBFEA7001C36A4 /* Resources */ = {
			isa = PBXResourcesBuildPhase;
			buildActionMask = 2147483647;
			files = (
			);
			runOnlyForDeploymentPostprocessing = 0;
		};
		3C2C6E4729DBFEA7001C36A4 /* Resources */ = {
			isa = PBXResourcesBuildPhase;
			buildActionMask = 2147483647;
			files = (
			);
			runOnlyForDeploymentPostprocessing = 0;
		};
/* End PBXResourcesBuildPhase section */

/* Begin PBXSourcesBuildPhase section */
		3C2C6E2B29DBFEA4001C36A4 /* Sources */ = {
			isa = PBXSourcesBuildPhase;
			buildActionMask = 2147483647;
			files = (
				3C2C6E3529DBFEA5001C36A4 /* ContentView.swift in Sources */,
				3C2C6E3329DBFEA4001C36A4 /* myTestsApp.swift in Sources */,
			);
			runOnlyForDeploymentPostprocessing = 0;
		};
		3C2C6E3B29DBFEA7001C36A4 /* Sources */ = {
			isa = PBXSourcesBuildPhase;
			buildActionMask = 2147483647;
			files = (
				3C2C6E4429DBFEA7001C36A4 /* myTestsTests.swift in Sources */,
			);
			runOnlyForDeploymentPostprocessing = 0;
		};
		3C2C6E4529DBFEA7001C36A4 /* Sources */ = {
			isa = PBXSourcesBuildPhase;
			buildActionMask = 2147483647;
			files = (
				3C2C6E5029DBFEA7001C36A4 /* myTestsUITestsLaunchTests.swift in Sources */,
				3C2C6E4E29DBFEA7001C36A4 /* myTestsUITests.swift in Sources */,
			);
			runOnlyForDeploymentPostprocessing = 0;
		};
/* End PBXSourcesBuildPhase section */

/* Begin PBXTargetDependency section */
		3C2C6E4129DBFEA7001C36A4 /* PBXTargetDependency */ = {
			isa = PBXTargetDependency;
			target = 3C2C6E2E29DBFEA4001C36A4 /* myTests */;
			targetProxy = 3C2C6E4029DBFEA7001C36A4 /* PBXContainerItemProxy */;
		};
		3C2C6E4B29DBFEA7001C36A4 /* PBXTargetDependency */ = {
			isa = PBXTargetDependency;
			target = 3C2C6E2E29DBFEA4001C36A4 /* myTests */;
			targetProxy = 3C2C6E4A29DBFEA7001C36A4 /* PBXContainerItemProxy */;
		};
/* End PBXTargetDependency section */

/* Begin XCBuildConfiguration section */
		3C2C6E5129DBFEA7001C36A4 /* Debug */ = {
			isa = XCBuildConfiguration;
			buildSettings = {
				ALWAYS_SEARCH_USER_PATHS = NO;
				CLANG_ANALYZER_NONNULL = YES;
				CLANG_ANALYZER_NUMBER_OBJECT_CONVERSION = YES_AGGRESSIVE;
				CLANG_CXX_LANGUAGE_STANDARD = "gnu++20";
				CLANG_ENABLE_MODULES = YES;
				CLANG_ENABLE_OBJC_ARC = YES;
				CLANG_ENABLE_OBJC_WEAK = YES;
				CLANG_WARN_BLOCK_CAPTURE_AUTORELEASING = YES;
				CLANG_WARN_BOOL_CONVERSION = YES;
				CLANG_WARN_COMMA = YES;
				CLANG_WARN_CONSTANT_CONVERSION = YES;
				CLANG_WARN_DEPRECATED_OBJC_IMPLEMENTATIONS = YES;
				CLANG_WARN_DIRECT_OBJC_ISA_USAGE = YES_ERROR;
				CLANG_WARN_DOCUMENTATION_COMMENTS = YES;
				CLANG_WARN_EMPTY_BODY = YES;
				CLANG_WARN_ENUM_CONVERSION = YES;
				CLANG_WARN_INFINITE_RECURSION = YES;
				CLANG_WARN_INT_CONVERSION = YES;
				CLANG_WARN_NON_LITERAL_NULL_CONVERSION = YES;
				CLANG_WARN_OBJC_IMPLICIT_RETAIN_SELF = YES;
				CLANG_WARN_OBJC_LITERAL_CONVERSION = YES;
				CLANG_WARN_OBJC_ROOT_CLASS = YES_ERROR;
				CLANG_WARN_QUOTED_INCLUDE_IN_FRAMEWORK_HEADER = YES;
				CLANG_WARN_RANGE_LOOP_ANALYSIS = YES;
				CLANG_WARN_STRICT_PROTOTYPES = YES;
				CLANG_WARN_SUSPICIOUS_MOVE = YES;
				CLANG_WARN_UNGUARDED_AVAILABILITY = YES_AGGRESSIVE;
				CLANG_WARN_UNREACHABLE_CODE = YES;
				CLANG_WARN__DUPLICATE_METHOD_MATCH = YES;
				COPY_PHASE_STRIP = NO;
				DEBUG_INFORMATION_FORMAT = dwarf;
				ENABLE_STRICT_OBJC_MSGSEND = YES;
				ENABLE_TESTABILITY = YES;
				GCC_C_LANGUAGE_STANDARD = gnu11;
				GCC_DYNAMIC_NO_PIC = NO;
				GCC_NO_COMMON_BLOCKS = YES;
				GCC_OPTIMIZATION_LEVEL = 0;
				GCC_PREPROCESSOR_DEFINITIONS = (
					"DEBUG=1",
					"$(inherited)",
				);
				GCC_WARN_64_TO_32_BIT_CONVERSION = YES;
				GCC_WARN_ABOUT_RETURN_TYPE = YES_ERROR;
				GCC_WARN_UNDECLARED_SELECTOR = YES;
				GCC_WARN_UNINITIALIZED_AUTOS = YES_AGGRESSIVE;
				GCC_WARN_UNUSED_FUNCTION = YES;
				GCC_WARN_UNUSED_VARIABLE = YES;
				IPHONEOS_DEPLOYMENT_TARGET = 16.2;
				MTL_ENABLE_DEBUG_INFO = INCLUDE_SOURCE;
				MTL_FAST_MATH = YES;
				ONLY_ACTIVE_ARCH = YES;
				SDKROOT = iphoneos;
				SWIFT_ACTIVE_COMPILATION_CONDITIONS = DEBUG;
				SWIFT_OPTIMIZATION_LEVEL = "-Onone";
			};
			name = Debug;
		};
		3C2C6E5229DBFEA7001C36A4 /* Release */ = {
			isa = XCBuildConfiguration;
			buildSettings = {
				ALWAYS_SEARCH_USER_PATHS = NO;
				CLANG_ANALYZER_NONNULL = YES;
				CLANG_ANALYZER_NUMBER_OBJECT_CONVERSION = YES_AGGRESSIVE;
				CLANG_CXX_LANGUAGE_STANDARD = "gnu++20";
				CLANG_ENABLE_MODULES = YES;
				CLANG_ENABLE_OBJC_ARC = YES;
				CLANG_ENABLE_OBJC_WEAK = YES;
				CLANG_WARN_BLOCK_CAPTURE_AUTORELEASING = YES;
				CLANG_WARN_BOOL_CONVERSION = YES;
				CLANG_WARN_COMMA = YES;
				CLANG_WARN_CONSTANT_CONVERSION = YES;
				CLANG_WARN_DEPRECATED_OBJC_IMPLEMENTATIONS = YES;
				CLANG_WARN_DIRECT_OBJC_ISA_USAGE = YES_ERROR;
				CLANG_WARN_DOCUMENTATION_COMMENTS = YES;
				CLANG_WARN_EMPTY_BODY = YES;
				CLANG_WARN_ENUM_CONVERSION = YES;
				CLANG_WARN_INFINITE_RECURSION = YES;
				CLANG_WARN_INT_CONVERSION = YES;
				CLANG_WARN_NON_LITERAL_NULL_CONVERSION = YES;
				CLANG_WARN_OBJC_IMPLICIT_RETAIN_SELF = YES;
				CLANG_WARN_OBJC_LITERAL_CONVERSION = YES;
				CLANG_WARN_OBJC_ROOT_CLASS = YES_ERROR;
				CLANG_WARN_QUOTED_INCLUDE_IN_FRAMEWORK_HEADER = YES;
				CLANG_WARN_RANGE_LOOP_ANALYSIS = YES;
				CLANG_WARN_STRICT_PROTOTYPES = YES;
				CLANG_WARN_SUSPICIOUS_MOVE = YES;
				CLANG_WARN_UNGUARDED_AVAILABILITY = YES_AGGRESSIVE;
				CLANG_WARN_UNREACHABLE_CODE = YES;
				CLANG_WARN__DUPLICATE_METHOD_MATCH = YES;
				COPY_PHASE_STRIP = NO;
				DEBUG_INFORMATION_FORMAT = "dwarf-with-dsym";
				ENABLE_NS_ASSERTIONS = NO;
				ENABLE_STRICT_OBJC_MSGSEND = YES;
				GCC_C_LANGUAGE_STANDARD = gnu11;
				GCC_NO_COMMON_BLOCKS = YES;
				GCC_WARN_64_TO_32_BIT_CONVERSION = YES;
				GCC_WARN_ABOUT_RETURN_TYPE = YES_ERROR;
				GCC_WARN_UNDECLARED_SELECTOR = YES;
				GCC_WARN_UNINITIALIZED_AUTOS = YES_AGGRESSIVE;
				GCC_WARN_UNUSED_FUNCTION = YES;
				GCC_WARN_UNUSED_VARIABLE = YES;
				IPHONEOS_DEPLOYMENT_TARGET = 16.2;
				MTL_ENABLE_DEBUG_INFO = NO;
				MTL_FAST_MATH = YES;
				SDKROOT = iphoneos;
				SWIFT_COMPILATION_MODE = wholemodule;
				SWIFT_OPTIMIZATION_LEVEL = "-O";
				VALIDATE_PRODUCT = YES;
			};
			name = Release;
		};
		3C2C6E5429DBFEA7001C36A4 /* Debug */ = {
			isa = XCBuildConfiguration;
			buildSettings = {
				ASSETCATALOG_COMPILER_APPICON_NAME = AppIcon;
				ASSETCATALOG_COMPILER_GLOBAL_ACCENT_COLOR_NAME = AccentColor;
				CODE_SIGN_STYLE = Automatic;
				CURRENT_PROJECT_VERSION = 1;
				DEVELOPMENT_ASSET_PATHS = "\"myTests/Preview Content\"";
				DEVELOPMENT_TEAM = DARU6JR785;
				ENABLE_PREVIEWS = YES;
				GENERATE_INFOPLIST_FILE = YES;
				INFOPLIST_FILE = myTests/Info.plist;
				INFOPLIST_KEY_NSMicrophoneUsageDescription = "for tests";
				INFOPLIST_KEY_NSSpeechRecognitionUsageDescription = "For tests";
				INFOPLIST_KEY_UIApplicationSceneManifest_Generation = YES;
				INFOPLIST_KEY_UIApplicationSupportsIndirectInputEvents = YES;
				INFOPLIST_KEY_UILaunchScreen_Generation = YES;
				INFOPLIST_KEY_UISupportedInterfaceOrientations_iPad = "UIInterfaceOrientationPortrait UIInterfaceOrientationPortraitUpsideDown UIInterfaceOrientationLandscapeLeft UIInterfaceOrientationLandscapeRight";
				INFOPLIST_KEY_UISupportedInterfaceOrientations_iPhone = "UIInterfaceOrientationPortrait UIInterfaceOrientationLandscapeLeft UIInterfaceOrientationLandscapeRight";
				LD_RUNPATH_SEARCH_PATHS = (
					"$(inherited)",
					"@executable_path/Frameworks",
				);
				MARKETING_VERSION = 1.0;
				PRODUCT_BUNDLE_IDENTIFIER = com.dorit.myTests;
				PRODUCT_NAME = "$(TARGET_NAME)";
				SWIFT_EMIT_LOC_STRINGS = YES;
				SWIFT_VERSION = 5.0;
				TARGETED_DEVICE_FAMILY = "1,2";
			};
			name = Debug;
		};
		3C2C6E5529DBFEA7001C36A4 /* Release */ = {
			isa = XCBuildConfiguration;
			buildSettings = {
				ASSETCATALOG_COMPILER_APPICON_NAME = AppIcon;
				ASSETCATALOG_COMPILER_GLOBAL_ACCENT_COLOR_NAME = AccentColor;
				CODE_SIGN_STYLE = Automatic;
				CURRENT_PROJECT_VERSION = 1;
				DEVELOPMENT_ASSET_PATHS = "\"myTests/Preview Content\"";
				DEVELOPMENT_TEAM = DARU6JR785;
				ENABLE_PREVIEWS = YES;
				GENERATE_INFOPLIST_FILE = YES;
				INFOPLIST_FILE = myTests/Info.plist;
				INFOPLIST_KEY_NSMicrophoneUsageDescription = "for tests";
				INFOPLIST_KEY_NSSpeechRecognitionUsageDescription = "For tests";
				INFOPLIST_KEY_UIApplicationSceneManifest_Generation = YES;
				INFOPLIST_KEY_UIApplicationSupportsIndirectInputEvents = YES;
				INFOPLIST_KEY_UILaunchScreen_Generation = YES;
				INFOPLIST_KEY_UISupportedInterfaceOrientations_iPad = "UIInterfaceOrientationPortrait UIInterfaceOrientationPortraitUpsideDown UIInterfaceOrientationLandscapeLeft UIInterfaceOrientationLandscapeRight";
				INFOPLIST_KEY_UISupportedInterfaceOrientations_iPhone = "UIInterfaceOrientationPortrait UIInterfaceOrientationLandscapeLeft UIInterfaceOrientationLandscapeRight";
				LD_RUNPATH_SEARCH_PATHS = (
					"$(inherited)",
					"@executable_path/Frameworks",
				);
				MARKETING_VERSION = 1.0;
				PRODUCT_BUNDLE_IDENTIFIER = com.dorit.myTests;
				PRODUCT_NAME = "$(TARGET_NAME)";
				SWIFT_EMIT_LOC_STRINGS = YES;
				SWIFT_VERSION = 5.0;
				TARGETED_DEVICE_FAMILY = "1,2";
			};
			name = Release;
		};
		3C2C6E5729DBFEA7001C36A4 /* Debug */ = {
			isa = XCBuildConfiguration;
			buildSettings = {
				ALWAYS_EMBED_SWIFT_STANDARD_LIBRARIES = YES;
				BUNDLE_LOADER = "$(TEST_HOST)";
				CODE_SIGN_STYLE = Automatic;
				CURRENT_PROJECT_VERSION = 1;
				GENERATE_INFOPLIST_FILE = YES;
				IPHONEOS_DEPLOYMENT_TARGET = 16.2;
				MARKETING_VERSION = 1.0;
				PRODUCT_BUNDLE_IDENTIFIER = com.dorit.myTestsTests;
				PRODUCT_NAME = "$(TARGET_NAME)";
				SWIFT_EMIT_LOC_STRINGS = NO;
				SWIFT_VERSION = 5.0;
				TARGETED_DEVICE_FAMILY = "1,2";
				TEST_HOST = "$(BUILT_PRODUCTS_DIR)/myTests.app/$(BUNDLE_EXECUTABLE_FOLDER_PATH)/myTests";
			};
			name = Debug;
		};
		3C2C6E5829DBFEA7001C36A4 /* Release */ = {
			isa = XCBuildConfiguration;
			buildSettings = {
				ALWAYS_EMBED_SWIFT_STANDARD_LIBRARIES = YES;
				BUNDLE_LOADER = "$(TEST_HOST)";
				CODE_SIGN_STYLE = Automatic;
				CURRENT_PROJECT_VERSION = 1;
				GENERATE_INFOPLIST_FILE = YES;
				IPHONEOS_DEPLOYMENT_TARGET = 16.2;
				MARKETING_VERSION = 1.0;
				PRODUCT_BUNDLE_IDENTIFIER = com.dorit.myTestsTests;
				PRODUCT_NAME = "$(TARGET_NAME)";
				SWIFT_EMIT_LOC_STRINGS = NO;
				SWIFT_VERSION = 5.0;
				TARGETED_DEVICE_FAMILY = "1,2";
				TEST_HOST = "$(BUILT_PRODUCTS_DIR)/myTests.app/$(BUNDLE_EXECUTABLE_FOLDER_PATH)/myTests";
			};
			name = Release;
		};
		3C2C6E5A29DBFEA7001C36A4 /* Debug */ = {
			isa = XCBuildConfiguration;
			buildSettings = {
				ALWAYS_EMBED_SWIFT_STANDARD_LIBRARIES = YES;
				CODE_SIGN_STYLE = Automatic;
				CURRENT_PROJECT_VERSION = 1;
				GENERATE_INFOPLIST_FILE = YES;
				MARKETING_VERSION = 1.0;
				PRODUCT_BUNDLE_IDENTIFIER = com.dorit.myTestsUITests;
				PRODUCT_NAME = "$(TARGET_NAME)";
				SWIFT_EMIT_LOC_STRINGS = NO;
				SWIFT_VERSION = 5.0;
				TARGETED_DEVICE_FAMILY = "1,2";
				TEST_TARGET_NAME = myTests;
			};
			name = Debug;
		};
		3C2C6E5B29DBFEA7001C36A4 /* Release */ = {
			isa = XCBuildConfiguration;
			buildSettings = {
				ALWAYS_EMBED_SWIFT_STANDARD_LIBRARIES = YES;
				CODE_SIGN_STYLE = Automatic;
				CURRENT_PROJECT_VERSION = 1;
				GENERATE_INFOPLIST_FILE = YES;
				MARKETING_VERSION = 1.0;
				PRODUCT_BUNDLE_IDENTIFIER = com.dorit.myTestsUITests;
				PRODUCT_NAME = "$(TARGET_NAME)";
				SWIFT_EMIT_LOC_STRINGS = NO;
				SWIFT_VERSION = 5.0;
				TARGETED_DEVICE_FAMILY = "1,2";
				TEST_TARGET_NAME = myTests;
			};
			name = Release;
		};
/* End XCBuildConfiguration section */

/* Begin XCConfigurationList section */
		3C2C6E2A29DBFEA4001C36A4 /* Build configuration list for PBXProject "myTests" */ = {
			isa = XCConfigurationList;
			buildConfigurations = (
				3C2C6E5129DBFEA7001C36A4 /* Debug */,
				3C2C6E5229DBFEA7001C36A4 /* Release */,
			);
			defaultConfigurationIsVisible = 0;
			defaultConfigurationName = Release;
		};
		3C2C6E5329DBFEA7001C36A4 /* Build configuration list for PBXNativeTarget "myTests" */ = {
			isa = XCConfigurationList;
			buildConfigurations = (
				3C2C6E5429DBFEA7001C36A4 /* Debug */,
				3C2C6E5529DBFEA7001C36A4 /* Release */,
			);
			defaultConfigurationIsVisible = 0;
			defaultConfigurationName = Release;
		};
		3C2C6E5629DBFEA7001C36A4 /* Build configuration list for PBXNativeTarget "myTestsTests" */ = {
			isa = XCConfigurationList;
			buildConfigurations = (
				3C2C6E5729DBFEA7001C36A4 /* Debug */,
				3C2C6E5829DBFEA7001C36A4 /* Release */,
			);
			defaultConfigurationIsVisible = 0;
			defaultConfigurationName = Release;
		};
		3C2C6E5929DBFEA7001C36A4 /* Build configuration list for PBXNativeTarget "myTestsUITests" */ = {
			isa = XCConfigurationList;
			buildConfigurations = (
				3C2C6E5A29DBFEA7001C36A4 /* Debug */,
				3C2C6E5B29DBFEA7001C36A4 /* Release */,
			);
			defaultConfigurationIsVisible = 0;
			defaultConfigurationName = Release;
		};
/* End XCConfigurationList section */

/* Begin XCSwiftPackageProductDependency section */
		3C2C6E5F29DBFECD001C36A4 /* SpeechTranscription */ = {
			isa = XCSwiftPackageProductDependency;
			productName = SpeechTranscription;
		};
/* End XCSwiftPackageProductDependency section */
	};
	rootObject = 3C2C6E2729DBFEA4001C36A4 /* Project object */;
}
